<Solution>
  <Folder Name="/src/">
    <Project Path="src/RedisVL/RedisVL.csproj" />
  </Folder>
  <Folder Name="/tests/">
    <Project Path="tests/RedisVL.Tests/RedisVL.Tests.csproj" />
  </Folder>
  <Folder Name="/samples/">
    <Project Path="samples/RedisVL.Tutorial/RedisVL.Tutorial.csproj" />
  </Folder>
</Solution>
